<?xml version="1.0" encoding="utf-8"?>
<Project ToolsVersion="4.0" xmlns="http://schemas.microsoft.com/developer/msbuild/2003">
  <ItemGroup>
    <Filter Include="소스 파일">
      <UniqueIdentifier>{4FC737F1-C7A5-4376-A066-2A32D752A2FF}</UniqueIdentifier>
      <Extensions>cpp;c;cc;cxx;c++;cppm;ixx;def;odl;idl;hpj;bat;asm;asmx</Extensions>
    </Filter>
    <Filter Include="헤더 파일">
      <UniqueIdentifier>{93995380-89BD-4b04-88EB-625FBE52EBFB}</UniqueIdentifier>
      <Extensions>h;hh;hpp;hxx;h++;hm;inl;inc;ipp;xsd</Extensions>
    </Filter>
    <Filter Include="리소스 파일">
      <UniqueIdentifier>{67DA6AB6-F800-4c08-8B7A-83BB121AAD01}</UniqueIdentifier>
      <Extensions>rc;ico;cur;bmp;dlg;rc2;rct;bin;rgs;gif;jpg;jpeg;jpe;resx;tiff;tif;png;wav;mfcribbon-ms</Extensions>
    </Filter>
    <Filter Include="stdafx">
      <UniqueIdentifier>{9edd415f-faed-4ac2-aefd-497285e79a69}</UniqueIdentifier>
    </Filter>
    <Filter Include="Global">
      <UniqueIdentifier>{e8b9520f-d200-4a6f-b6ac-f52771c7a512}</UniqueIdentifier>
    </Filter>
    <Filter Include="Global\Math">
      <UniqueIdentifier>{a4023a5a-56b3-4b6c-8111-3e83e36cb2a8}</UniqueIdentifier>
    </Filter>
    <Filter Include="Global\Figure">
      <UniqueIdentifier>{3c6c0552-2556-4955-9929-931ccbeebed3}</UniqueIdentifier>
    </Filter>
    <Filter Include="Global\struct">
      <UniqueIdentifier>{b9c020ab-d7ee-4427-ab75-efa3a770b7fe}</UniqueIdentifier>
    </Filter>
  </ItemGroup>
  <ItemGroup>
    <ClInclude Include="framework.h">
      <Filter>헤더 파일</Filter>
    </ClInclude>
    <ClInclude Include="targetver.h">
      <Filter>헤더 파일</Filter>
    </ClInclude>
    <ClInclude Include="Resource.h">
      <Filter>헤더 파일</Filter>
    </ClInclude>
    <ClInclude Include="3DRenderer.h">
      <Filter>헤더 파일</Filter>
    </ClInclude>
    <ClInclude Include="DibSection.h">
      <Filter>헤더 파일</Filter>
    </ClInclude>
    <ClInclude Include="stdafx.h">
      <Filter>stdafx</Filter>
    </ClInclude>
    <ClInclude Include="MathLib.h">
      <Filter>Global\Math</Filter>
    </ClInclude>
    <ClInclude Include="Sphere.h">
      <Filter>Global\Figure</Filter>
    </ClInclude>
    <ClInclude Include="Figure_Interface.h">
      <Filter>Global\Figure</Filter>
    </ClInclude>
    <ClInclude Include="Color32.h">
      <Filter>Global\struct</Filter>
    </ClInclude>
    <ClInclude Include="Index.h">
      <Filter>Global\struct</Filter>
    </ClInclude>
    <ClInclude Include="Matrix44.h">
      <Filter>Global\struct</Filter>
    </ClInclude>
    <ClInclude Include="Quaternion.h">
      <Filter>Global\struct</Filter>
    </ClInclude>
    <ClInclude Include="Vector3.h">
      <Filter>Global\struct</Filter>
    </ClInclude>
    <ClInclude Include="Vertex.h">
      <Filter>Global\struct</Filter>
    </ClInclude>
    <ClInclude Include="Figure_define.h">
      <Filter>Global\Figure</Filter>
    </ClInclude>
  </ItemGroup>
  <ItemGroup>
    <ClCompile Include="3DRenderer.cpp">
      <Filter>소스 파일</Filter>
    </ClCompile>
    <ClCompile Include="stdafx.cpp">
      <Filter>stdafx</Filter>
    </ClCompile>
    <ClCompile Include="FrameWork.cpp">
      <Filter>소스 파일</Filter>
    </ClCompile>
    <ClCompile Include="MathLib.cpp">
      <Filter>Global\Math</Filter>
    </ClCompile>
    <ClCompile Include="DibSection.cpp">
      <Filter>소스 파일</Filter>
    </ClCompile>
    <ClCompile Include="Sphere.cpp">
      <Filter>Global\Figure</Filter>
    </ClCompile>
    <ClCompile Include="Figure_Interface.cpp">
      <Filter>Global\Figure</Filter>
    </ClCompile>
    <ClCompile Include="Color32.cpp">
      <Filter>Global\struct</Filter>
    </ClCompile>
    <ClCompile Include="Index.cpp">
      <Filter>Global\struct</Filter>
    </ClCompile>
    <ClCompile Include="Matrix44.cpp">
      <Filter>Global\struct</Filter>
    </ClCompile>
    <ClCompile Include="Quaternion.cpp">
      <Filter>Global\struct</Filter>
    </ClCompile>
    <ClCompile Include="Vector3.cpp">
      <Filter>Global\struct</Filter>
    </ClCompile>
    <ClCompile Include="Vertex.cpp">
      <Filter>Global\struct</Filter>
    </ClCompile>
  </ItemGroup>
  <ItemGroup>
    <ResourceCompile Include="3DRenderer.rc">
      <Filter>리소스 파일</Filter>
    </ResourceCompile>
  </ItemGroup>
  <ItemGroup>
    <Image Include="small.ico">
      <Filter>리소스 파일</Filter>
    </Image>
    <Image Include="3DRenderer.ico">
      <Filter>리소스 파일</Filter>
    </Image>
  </ItemGroup>
</Project>